
Microsoft Visual Studio Solution File, Format Version 11.00
# Visual Studio 2010
Project("{FAE04EC0-301F-11D3-BF4B-00C04F79EFBC}") = "RelatorioRNs", "RelatorioRNs\RelatorioRNs.csproj", "{06937405-0EE4-4462-9A0E-C8755FCB98DB}"
EndProject
Global
	GlobalSection(SolutionConfigurationPlatforms) = preSolution
		Debug|x86 = Debug|x86
		Release|x86 = Release|x86
	EndGlobalSection
	GlobalSection(ProjectConfigurationPlatforms) = postSolution
		{06937405-0EE4-4462-9A0E-C8755FCB98DB}.Debug|x86.ActiveCfg = Debug|x86
		{06937405-0EE4-4462-9A0E-C8755FCB98DB}.Debug|x86.Build.0 = Debug|x86
		{06937405-0EE4-4462-9A0E-C8755FCB98DB}.Release|x86.ActiveCfg = Release|x86
		{06937405-0EE4-4462-9A0E-C8755FCB98DB}.Release|x86.Build.0 = Release|x86
	EndGlobalSection
	GlobalSection(SolutionProperties) = preSolution
		HideSolutionNode = FALSE
	EndGlobalSection
EndGlobal
