
Microsoft Visual Studio Solution File, Format Version 11.00
# Visual Studio 2010
Project("{FAE04EC0-301F-11D3-BF4B-00C04F79EFBC}") = "RedeNeuralPrevisaoFinanceira_v3", "RedeNeuralPrevisaoFinanceira_v3\RedeNeuralPrevisaoFinanceira_v3.csproj", "{0CD38036-2C6A-4463-80EA-DFADFF70D9B3}"
EndProject
Project("{FAE04EC0-301F-11D3-BF4B-00C04F79EFBC}") = "TesteRN_V3", "TesteRN_V3\TesteRN_V3.csproj", "{454579AA-EA02-4DF7-BC86-988C39426876}"
EndProject
Global
	GlobalSection(SolutionConfigurationPlatforms) = preSolution
		Debug|Any CPU = Debug|Any CPU
		Debug|Mixed Platforms = Debug|Mixed Platforms
		Debug|x86 = Debug|x86
		Release|Any CPU = Release|Any CPU
		Release|Mixed Platforms = Release|Mixed Platforms
		Release|x86 = Release|x86
	EndGlobalSection
	GlobalSection(ProjectConfigurationPlatforms) = postSolution
		{0CD38036-2C6A-4463-80EA-DFADFF70D9B3}.Debug|Any CPU.ActiveCfg = Debug|Any CPU
		{0CD38036-2C6A-4463-80EA-DFADFF70D9B3}.Debug|Any CPU.Build.0 = Debug|Any CPU
		{0CD38036-2C6A-4463-80EA-DFADFF70D9B3}.Debug|Mixed Platforms.ActiveCfg = Debug|Any CPU
		{0CD38036-2C6A-4463-80EA-DFADFF70D9B3}.Debug|Mixed Platforms.Build.0 = Debug|Any CPU
		{0CD38036-2C6A-4463-80EA-DFADFF70D9B3}.Debug|x86.ActiveCfg = Debug|Any CPU
		{0CD38036-2C6A-4463-80EA-DFADFF70D9B3}.Release|Any CPU.ActiveCfg = Release|Any CPU
		{0CD38036-2C6A-4463-80EA-DFADFF70D9B3}.Release|Any CPU.Build.0 = Release|Any CPU
		{0CD38036-2C6A-4463-80EA-DFADFF70D9B3}.Release|Mixed Platforms.ActiveCfg = Release|Any CPU
		{0CD38036-2C6A-4463-80EA-DFADFF70D9B3}.Release|Mixed Platforms.Build.0 = Release|Any CPU
		{0CD38036-2C6A-4463-80EA-DFADFF70D9B3}.Release|x86.ActiveCfg = Release|Any CPU
		{454579AA-EA02-4DF7-BC86-988C39426876}.Debug|Any CPU.ActiveCfg = Debug|x86
		{454579AA-EA02-4DF7-BC86-988C39426876}.Debug|Mixed Platforms.ActiveCfg = Debug|x86
		{454579AA-EA02-4DF7-BC86-988C39426876}.Debug|Mixed Platforms.Build.0 = Debug|x86
		{454579AA-EA02-4DF7-BC86-988C39426876}.Debug|x86.ActiveCfg = Debug|x86
		{454579AA-EA02-4DF7-BC86-988C39426876}.Debug|x86.Build.0 = Debug|x86
		{454579AA-EA02-4DF7-BC86-988C39426876}.Release|Any CPU.ActiveCfg = Release|x86
		{454579AA-EA02-4DF7-BC86-988C39426876}.Release|Mixed Platforms.ActiveCfg = Release|x86
		{454579AA-EA02-4DF7-BC86-988C39426876}.Release|Mixed Platforms.Build.0 = Release|x86
		{454579AA-EA02-4DF7-BC86-988C39426876}.Release|x86.ActiveCfg = Release|x86
		{454579AA-EA02-4DF7-BC86-988C39426876}.Release|x86.Build.0 = Release|x86
	EndGlobalSection
	GlobalSection(SolutionProperties) = preSolution
		HideSolutionNode = FALSE
	EndGlobalSection
EndGlobal
